
Microsoft Visual Studio Solution File, Format Version 12.00
# Visual Studio 2012
Project("{FAE04EC0-301F-11D3-BF4B-00C04F79EFBC}") = "XamarinActivator", "XamarinActivator\XamarinActivator.csproj", "{B4A45D3D-91C5-41C7-AE8E-242796D4CF5C}"
EndProject
Project("{FAE04EC0-301F-11D3-BF4B-00C04F79EFBC}") = "XamarinActivatorRunner", "XamarinActivatorRunner\XamarinActivatorRunner.csproj", "{BAF42736-13CE-442E-88BA-EB8815E4FB00}"
EndProject
Global
	GlobalSection(SolutionConfigurationPlatforms) = preSolution
		Debug|Any CPU = Debug|Any CPU
		Release|Any CPU = Release|Any CPU
	EndGlobalSection
	GlobalSection(ProjectConfigurationPlatforms) = postSolution
		{B4A45D3D-91C5-41C7-AE8E-242796D4CF5C}.Debug|Any CPU.ActiveCfg = Debug|Any CPU
		{B4A45D3D-91C5-41C7-AE8E-242796D4CF5C}.Debug|Any CPU.Build.0 = Debug|Any CPU
		{B4A45D3D-91C5-41C7-AE8E-242796D4CF5C}.Release|Any CPU.ActiveCfg = Release|Any CPU
		{B4A45D3D-91C5-41C7-AE8E-242796D4CF5C}.Release|Any CPU.Build.0 = Release|Any CPU
		{BAF42736-13CE-442E-88BA-EB8815E4FB00}.Debug|Any CPU.ActiveCfg = Debug|Any CPU
		{BAF42736-13CE-442E-88BA-EB8815E4FB00}.Debug|Any CPU.Build.0 = Debug|Any CPU
		{BAF42736-13CE-442E-88BA-EB8815E4FB00}.Release|Any CPU.ActiveCfg = Release|Any CPU
		{BAF42736-13CE-442E-88BA-EB8815E4FB00}.Release|Any CPU.Build.0 = Release|Any CPU
	EndGlobalSection
EndGlobal
